
Microsoft Visual Studio Solution File, Format Version 12.00
# Visual Studio Version 16
VisualStudioVersion = 16.0.30517.126
MinimumVisualStudioVersion = 10.0.40219.1
Project("{FAE04EC0-301F-11D3-BF4B-00C04F79EFBC}") = "interfaz", "interfaz.csproj", "{75EFC730-2BFB-4B9A-A83C-372FFE1266C0}"
EndProject
Global
	GlobalSection(SolutionConfigurationPlatforms) = preSolution
		Debug|Any CPU = Debug|Any CPU
		Release|Any CPU = Release|Any CPU
	EndGlobalSection
	GlobalSection(ProjectConfigurationPlatforms) = postSolution
		{75EFC730-2BFB-4B9A-A83C-372FFE1266C0}.Debug|Any CPU.ActiveCfg = Debug|Any CPU
		{75EFC730-2BFB-4B9A-A83C-372FFE1266C0}.Debug|Any CPU.Build.0 = Debug|Any CPU
		{75EFC730-2BFB-4B9A-A83C-372FFE1266C0}.Release|Any CPU.ActiveCfg = Release|Any CPU
		{75EFC730-2BFB-4B9A-A83C-372FFE1266C0}.Release|Any CPU.Build.0 = Release|Any CPU
	EndGlobalSection
	GlobalSection(SolutionProperties) = preSolution
		HideSolutionNode = FALSE
	EndGlobalSection
	GlobalSection(ExtensibilityGlobals) = postSolution
		SolutionGuid = {E278E219-0770-4FBC-9DD9-9F53386DC94C}
	EndGlobalSection
EndGlobal
