
Microsoft Visual Studio Solution File, Format Version 12.00
# Visual Studio Version 16
VisualStudioVersion = 16.0.30517.126
MinimumVisualStudioVersion = 10.0.40219.1
Project("{FAE04EC0-301F-11D3-BF4B-00C04F79EFBC}") = "OperacionesAritmeticas", "OperacionesAritmeticas.csproj", "{7476AF7B-61E2-4E91-8D69-EDB8364BF831}"
EndProject
Global
	GlobalSection(SolutionConfigurationPlatforms) = preSolution
		Debug|Any CPU = Debug|Any CPU
		Release|Any CPU = Release|Any CPU
	EndGlobalSection
	GlobalSection(ProjectConfigurationPlatforms) = postSolution
		{7476AF7B-61E2-4E91-8D69-EDB8364BF831}.Debug|Any CPU.ActiveCfg = Debug|Any CPU
		{7476AF7B-61E2-4E91-8D69-EDB8364BF831}.Debug|Any CPU.Build.0 = Debug|Any CPU
		{7476AF7B-61E2-4E91-8D69-EDB8364BF831}.Release|Any CPU.ActiveCfg = Release|Any CPU
		{7476AF7B-61E2-4E91-8D69-EDB8364BF831}.Release|Any CPU.Build.0 = Release|Any CPU
	EndGlobalSection
	GlobalSection(SolutionProperties) = preSolution
		HideSolutionNode = FALSE
	EndGlobalSection
	GlobalSection(ExtensibilityGlobals) = postSolution
		SolutionGuid = {6D825B07-E315-4AE0-8CBA-881529D56CF4}
	EndGlobalSection
EndGlobal
