
Microsoft Visual Studio Solution File, Format Version 12.00
# Visual Studio Version 16
VisualStudioVersion = 16.0.30517.126
MinimumVisualStudioVersion = 10.0.40219.1
Project("{FAE04EC0-301F-11D3-BF4B-00C04F79EFBC}") = "examen1", "examen1.csproj", "{EFF1800B-E80B-4A40-BF77-DBC23BDEFFE7}"
EndProject
Global
	GlobalSection(SolutionConfigurationPlatforms) = preSolution
		Debug|Any CPU = Debug|Any CPU
		Release|Any CPU = Release|Any CPU
	EndGlobalSection
	GlobalSection(ProjectConfigurationPlatforms) = postSolution
		{EFF1800B-E80B-4A40-BF77-DBC23BDEFFE7}.Debug|Any CPU.ActiveCfg = Debug|Any CPU
		{EFF1800B-E80B-4A40-BF77-DBC23BDEFFE7}.Debug|Any CPU.Build.0 = Debug|Any CPU
		{EFF1800B-E80B-4A40-BF77-DBC23BDEFFE7}.Release|Any CPU.ActiveCfg = Release|Any CPU
		{EFF1800B-E80B-4A40-BF77-DBC23BDEFFE7}.Release|Any CPU.Build.0 = Release|Any CPU
	EndGlobalSection
	GlobalSection(SolutionProperties) = preSolution
		HideSolutionNode = FALSE
	EndGlobalSection
	GlobalSection(ExtensibilityGlobals) = postSolution
		SolutionGuid = {9D07CFAE-C6E1-4210-B6AC-BF4CFB536200}
	EndGlobalSection
EndGlobal
