
Microsoft Visual Studio Solution File, Format Version 12.00
# Visual Studio Version 16
VisualStudioVersion = 16.0.30517.126
MinimumVisualStudioVersion = 10.0.40219.1
Project("{FAE04EC0-301F-11D3-BF4B-00C04F79EFBC}") = "kardex", "kardex.csproj", "{ED2EF5AA-B459-498A-A8A4-7C9644165690}"
EndProject
Global
	GlobalSection(SolutionConfigurationPlatforms) = preSolution
		Debug|Any CPU = Debug|Any CPU
		Release|Any CPU = Release|Any CPU
	EndGlobalSection
	GlobalSection(ProjectConfigurationPlatforms) = postSolution
		{ED2EF5AA-B459-498A-A8A4-7C9644165690}.Debug|Any CPU.ActiveCfg = Debug|Any CPU
		{ED2EF5AA-B459-498A-A8A4-7C9644165690}.Debug|Any CPU.Build.0 = Debug|Any CPU
		{ED2EF5AA-B459-498A-A8A4-7C9644165690}.Release|Any CPU.ActiveCfg = Release|Any CPU
		{ED2EF5AA-B459-498A-A8A4-7C9644165690}.Release|Any CPU.Build.0 = Release|Any CPU
	EndGlobalSection
	GlobalSection(SolutionProperties) = preSolution
		HideSolutionNode = FALSE
	EndGlobalSection
	GlobalSection(ExtensibilityGlobals) = postSolution
		SolutionGuid = {C8B79768-837B-4D94-9C5D-0A0EB39E991D}
	EndGlobalSection
EndGlobal
