
Microsoft Visual Studio Solution File, Format Version 12.00
# Visual Studio Version 16
VisualStudioVersion = 16.0.30517.126
MinimumVisualStudioVersion = 10.0.40219.1
Project("{FAE04EC0-301F-11D3-BF4B-00C04F79EFBC}") = "ComboBox_x2", "ComboBox_x2.csproj", "{76A85A37-02FB-45E1-9C90-4E675E25621C}"
EndProject
Global
	GlobalSection(SolutionConfigurationPlatforms) = preSolution
		Debug|Any CPU = Debug|Any CPU
		Release|Any CPU = Release|Any CPU
	EndGlobalSection
	GlobalSection(ProjectConfigurationPlatforms) = postSolution
		{76A85A37-02FB-45E1-9C90-4E675E25621C}.Debug|Any CPU.ActiveCfg = Debug|Any CPU
		{76A85A37-02FB-45E1-9C90-4E675E25621C}.Debug|Any CPU.Build.0 = Debug|Any CPU
		{76A85A37-02FB-45E1-9C90-4E675E25621C}.Release|Any CPU.ActiveCfg = Release|Any CPU
		{76A85A37-02FB-45E1-9C90-4E675E25621C}.Release|Any CPU.Build.0 = Release|Any CPU
	EndGlobalSection
	GlobalSection(SolutionProperties) = preSolution
		HideSolutionNode = FALSE
	EndGlobalSection
	GlobalSection(ExtensibilityGlobals) = postSolution
		SolutionGuid = {6AD0C48D-2780-4ABF-B112-5A50C34E54D3}
	EndGlobalSection
EndGlobal
