
Microsoft Visual Studio Solution File, Format Version 12.00
# Visual Studio Version 16
VisualStudioVersion = 16.0.30517.126
MinimumVisualStudioVersion = 10.0.40219.1
Project("{FAE04EC0-301F-11D3-BF4B-00C04F79EFBC}") = "holamundo", "holamundo.csproj", "{4A2CDD67-6F1B-4B95-ABD4-FAB85923D3A6}"
EndProject
Global
	GlobalSection(SolutionConfigurationPlatforms) = preSolution
		Debug|Any CPU = Debug|Any CPU
		Release|Any CPU = Release|Any CPU
	EndGlobalSection
	GlobalSection(ProjectConfigurationPlatforms) = postSolution
		{4A2CDD67-6F1B-4B95-ABD4-FAB85923D3A6}.Debug|Any CPU.ActiveCfg = Debug|Any CPU
		{4A2CDD67-6F1B-4B95-ABD4-FAB85923D3A6}.Debug|Any CPU.Build.0 = Debug|Any CPU
		{4A2CDD67-6F1B-4B95-ABD4-FAB85923D3A6}.Release|Any CPU.ActiveCfg = Release|Any CPU
		{4A2CDD67-6F1B-4B95-ABD4-FAB85923D3A6}.Release|Any CPU.Build.0 = Release|Any CPU
	EndGlobalSection
	GlobalSection(SolutionProperties) = preSolution
		HideSolutionNode = FALSE
	EndGlobalSection
	GlobalSection(ExtensibilityGlobals) = postSolution
		SolutionGuid = {24351157-E989-499B-94E7-C9F992577484}
	EndGlobalSection
EndGlobal
