
Microsoft Visual Studio Solution File, Format Version 12.00
# Visual Studio Version 16
VisualStudioVersion = 16.0.30517.126
MinimumVisualStudioVersion = 10.0.40219.1
Project("{FAE04EC0-301F-11D3-BF4B-00C04F79EFBC}") = "proyecto", "proyecto.csproj", "{58FA3CC1-2B37-4774-B34D-F16440F7E181}"
EndProject
Global
	GlobalSection(SolutionConfigurationPlatforms) = preSolution
		Debug|Any CPU = Debug|Any CPU
		Release|Any CPU = Release|Any CPU
	EndGlobalSection
	GlobalSection(ProjectConfigurationPlatforms) = postSolution
		{58FA3CC1-2B37-4774-B34D-F16440F7E181}.Debug|Any CPU.ActiveCfg = Debug|Any CPU
		{58FA3CC1-2B37-4774-B34D-F16440F7E181}.Debug|Any CPU.Build.0 = Debug|Any CPU
		{58FA3CC1-2B37-4774-B34D-F16440F7E181}.Release|Any CPU.ActiveCfg = Release|Any CPU
		{58FA3CC1-2B37-4774-B34D-F16440F7E181}.Release|Any CPU.Build.0 = Release|Any CPU
	EndGlobalSection
	GlobalSection(SolutionProperties) = preSolution
		HideSolutionNode = FALSE
	EndGlobalSection
	GlobalSection(ExtensibilityGlobals) = postSolution
		SolutionGuid = {601510A2-F15A-40A1-AA2E-053990E74B74}
	EndGlobalSection
EndGlobal
