
Microsoft Visual Studio Solution File, Format Version 12.00
# Visual Studio Version 16
VisualStudioVersion = 16.0.30517.126
MinimumVisualStudioVersion = 10.0.40219.1
Project("{FAE04EC0-301F-11D3-BF4B-00C04F79EFBC}") = "holayadios", "holayadios.csproj", "{5D183510-9282-4FDE-90B7-464D0F2379CF}"
EndProject
Global
	GlobalSection(SolutionConfigurationPlatforms) = preSolution
		Debug|Any CPU = Debug|Any CPU
		Release|Any CPU = Release|Any CPU
	EndGlobalSection
	GlobalSection(ProjectConfigurationPlatforms) = postSolution
		{5D183510-9282-4FDE-90B7-464D0F2379CF}.Debug|Any CPU.ActiveCfg = Debug|Any CPU
		{5D183510-9282-4FDE-90B7-464D0F2379CF}.Debug|Any CPU.Build.0 = Debug|Any CPU
		{5D183510-9282-4FDE-90B7-464D0F2379CF}.Release|Any CPU.ActiveCfg = Release|Any CPU
		{5D183510-9282-4FDE-90B7-464D0F2379CF}.Release|Any CPU.Build.0 = Release|Any CPU
	EndGlobalSection
	GlobalSection(SolutionProperties) = preSolution
		HideSolutionNode = FALSE
	EndGlobalSection
	GlobalSection(ExtensibilityGlobals) = postSolution
		SolutionGuid = {C8081EB5-2706-4240-8DDD-F71844441A50}
	EndGlobalSection
EndGlobal
